
Microsoft Visual Studio Solution File, Format Version 11.00
# Visual Studio 2010
# SharpDevelop 5.1
Project("{FAE04EC0-301F-11D3-BF4B-00C04F79EFBC}") = "MICROPLC", "MICROPLC.csproj", "{1396D508-330E-45BB-938D-7DE71D0E49D9}"
EndProject
Global
	GlobalSection(SolutionConfigurationPlatforms) = preSolution
		Debug|Any CPU = Debug|Any CPU
		Release|Any CPU = Release|Any CPU
	EndGlobalSection
	GlobalSection(ProjectConfigurationPlatforms) = postSolution
		{1396D508-330E-45BB-938D-7DE71D0E49D9}.Debug|Any CPU.ActiveCfg = Debug|Any CPU
		{1396D508-330E-45BB-938D-7DE71D0E49D9}.Debug|Any CPU.Build.0 = Debug|Any CPU
		{1396D508-330E-45BB-938D-7DE71D0E49D9}.Release|Any CPU.ActiveCfg = Release|Any CPU
		{1396D508-330E-45BB-938D-7DE71D0E49D9}.Release|Any CPU.Build.0 = Release|Any CPU
	EndGlobalSection
EndGlobal
